
Microsoft Visual Studio Solution File, Format Version 12.00
# Visual Studio Version 17
VisualStudioVersion = 17.3.32901.215
MinimumVisualStudioVersion = 10.0.40219.1
Project("{9A19103F-16F7-4668-BE54-9A1E7A4F7556}") = "AlgoTest", ".\AlgoTest\AlgoTest.csproj", "{0849414B-45CF-4DF9-8D72-8EBEB4783208}"
EndProject
Project("{FAE04EC0-301F-11D3-BF4B-00C04F79EFBC}") = "UnitTesting", ".\UnitTesting\UnitTesting.csproj", "{766DF159-E74D-4BFB-8870-F973405B7B1B}"
EndProject
Global
	GlobalSection(SolutionConfigurationPlatforms) = preSolution
		Debug|Any CPU = Debug|Any CPU
		Release|Any CPU = Release|Any CPU
	EndGlobalSection
	GlobalSection(ProjectConfigurationPlatforms) = postSolution
		{0849414B-45CF-4DF9-8D72-8EBEB4783208}.Debug|Any CPU.ActiveCfg = Debug|Any CPU
		{0849414B-45CF-4DF9-8D72-8EBEB4783208}.Debug|Any CPU.Build.0 = Debug|Any CPU
		{0849414B-45CF-4DF9-8D72-8EBEB4783208}.Release|Any CPU.ActiveCfg = Release|Any CPU
		{0849414B-45CF-4DF9-8D72-8EBEB4783208}.Release|Any CPU.Build.0 = Release|Any CPU
		{766DF159-E74D-4BFB-8870-F973405B7B1B}.Debug|Any CPU.ActiveCfg = Debug|Any CPU
		{766DF159-E74D-4BFB-8870-F973405B7B1B}.Debug|Any CPU.Build.0 = Debug|Any CPU
		{766DF159-E74D-4BFB-8870-F973405B7B1B}.Release|Any CPU.ActiveCfg = Release|Any CPU
		{766DF159-E74D-4BFB-8870-F973405B7B1B}.Release|Any CPU.Build.0 = Release|Any CPU
	EndGlobalSection
	GlobalSection(SolutionProperties) = preSolution
		HideSolutionNode = FALSE
	EndGlobalSection
	GlobalSection(ExtensibilityGlobals) = postSolution
		SolutionGuid = {C44D48C3-17C7-46EF-B263-CE927E0EFFD8}
	EndGlobalSection
EndGlobal
